
Microsoft Visual Studio Solution File, Format Version 12.00
# Visual Studio Version 16
VisualStudioVersion = 16.0.30204.135
MinimumVisualStudioVersion = 10.0.40219.1
Project("{FAE04EC0-301F-11D3-BF4B-00C04F79EFBC}") = "TsvFileOperation", "TsvFileOperation\TsvFileOperation.csproj", "{02C5C623-E4B1-4415-868F-FA7BE5B9F99C}"
EndProject
Project("{FAE04EC0-301F-11D3-BF4B-00C04F79EFBC}") = "TsvFileOperationTests", "TsvFileOperationTests\TsvFileOperationTests.csproj", "{421F080F-7839-479E-9C65-8F4646CC5CC4}"
EndProject
Global
	GlobalSection(SolutionConfigurationPlatforms) = preSolution
		Debug|Any CPU = Debug|Any CPU
		Release|Any CPU = Release|Any CPU
	EndGlobalSection
	GlobalSection(ProjectConfigurationPlatforms) = postSolution
		{02C5C623-E4B1-4415-868F-FA7BE5B9F99C}.Debug|Any CPU.ActiveCfg = Debug|Any CPU
		{02C5C623-E4B1-4415-868F-FA7BE5B9F99C}.Debug|Any CPU.Build.0 = Debug|Any CPU
		{02C5C623-E4B1-4415-868F-FA7BE5B9F99C}.Release|Any CPU.ActiveCfg = Release|Any CPU
		{02C5C623-E4B1-4415-868F-FA7BE5B9F99C}.Release|Any CPU.Build.0 = Release|Any CPU
		{421F080F-7839-479E-9C65-8F4646CC5CC4}.Debug|Any CPU.ActiveCfg = Debug|Any CPU
		{421F080F-7839-479E-9C65-8F4646CC5CC4}.Debug|Any CPU.Build.0 = Debug|Any CPU
		{421F080F-7839-479E-9C65-8F4646CC5CC4}.Release|Any CPU.ActiveCfg = Release|Any CPU
		{421F080F-7839-479E-9C65-8F4646CC5CC4}.Release|Any CPU.Build.0 = Release|Any CPU
	EndGlobalSection
	GlobalSection(SolutionProperties) = preSolution
		HideSolutionNode = FALSE
	EndGlobalSection
	GlobalSection(ExtensibilityGlobals) = postSolution
		SolutionGuid = {68FE51A2-81DC-434B-838B-F5A8F18495AC}
	EndGlobalSection
EndGlobal
